
Microsoft Visual Studio Solution File, Format Version 12.00
# Visual Studio 15
Project("{FAE04EC0-301F-11D3-BF4B-00C04F79EFBC}") = "Assembly-CSharp", "Assembly-CSharp.csproj", "{02155B49-E33A-2A6B-B35E-B16E8304B576}"
EndProject
Project("{FAE04EC0-301F-11D3-BF4B-00C04F79EFBC}") = "Assembly-CSharp-Editor", "Assembly-CSharp-Editor.csproj", "{EA0E161F-490A-D34E-92B4-1E885550EACF}"
EndProject
Global
	GlobalSection(SolutionConfigurationPlatforms) = preSolution
		Debug|Any CPU = Debug|Any CPU
		Release|Any CPU = Release|Any CPU
	EndGlobalSection
	GlobalSection(ProjectConfigurationPlatforms) = postSolution
		{02155B49-E33A-2A6B-B35E-B16E8304B576}.Debug|Any CPU.ActiveCfg = Debug|Any CPU
		{02155B49-E33A-2A6B-B35E-B16E8304B576}.Debug|Any CPU.Build.0 = Debug|Any CPU
		{02155B49-E33A-2A6B-B35E-B16E8304B576}.Release|Any CPU.ActiveCfg = Release|Any CPU
		{02155B49-E33A-2A6B-B35E-B16E8304B576}.Release|Any CPU.Build.0 = Release|Any CPU
		{EA0E161F-490A-D34E-92B4-1E885550EACF}.Debug|Any CPU.ActiveCfg = Debug|Any CPU
		{EA0E161F-490A-D34E-92B4-1E885550EACF}.Debug|Any CPU.Build.0 = Debug|Any CPU
		{EA0E161F-490A-D34E-92B4-1E885550EACF}.Release|Any CPU.ActiveCfg = Release|Any CPU
		{EA0E161F-490A-D34E-92B4-1E885550EACF}.Release|Any CPU.Build.0 = Release|Any CPU
	EndGlobalSection
	GlobalSection(SolutionProperties) = preSolution
		HideSolutionNode = FALSE
	EndGlobalSection
EndGlobal
